{
  "name": "tools",
  "version": "1.0.0",
  "lockfileVersion": 2,
  "requires": true,
  "packages": {
    "": {
      "name": "tools",
      "version": "1.0.0",
      "license": "ISC",
      "dependencies": {
        "jabber": "^1.5.3"
      }
    },
    "node_modules/jabber": {
      "version": "1.5.3",
      "resolved": "https://registry.npmjs.org/jabber/-/jabber-1.5.3.tgz",
      "integrity": "sha512-4g5zZ9kF10oWNZzeKJqwh9yFHsee7CMWe3pXRJTdibvaMPNFWAJlLf1dno4Osxw/t9+fk0bEbEOJcscHziGX+w==",
      "bin": {
        "jabber": "build/bin/index.js"
      }
    }
  },
  "dependencies": {
    "jabber": {
      "version": "1.5.3",
      "resolved": "https://registry.npmjs.org/jabber/-/jabber-1.5.3.tgz",
      "integrity": "sha512-4g5zZ9kF10oWNZzeKJqwh9yFHsee7CMWe3pXRJTdibvaMPNFWAJlLf1dno4Osxw/t9+fk0bEbEOJcscHziGX+w=="
    }
  }
}
